dependencies:
- name: kube-prometheus-stack
  repository: https://prometheus-community.github.io/helm-charts
  version: 77.14.0
- name: loki
  repository: https://grafana.github.io/helm-charts
  version: 6.42.0
digest: sha256:a381c024fcf5cb66f55c1186a234cf82e6dc5bff0b5ef66d33a04c9662d82d7b
generated: "2025-10-10T09:11:43.66627522+05:30"
